
Microsoft Visual Studio Solution File, Format Version 12.00
# Visual Studio 15
VisualStudioVersion = 15.0.26124.0
MinimumVisualStudioVersion = 15.0.26124.0
Project("{9A19103F-16F7-4668-BE54-9A1E7A4F7556}") = "Benday.DataAccess", "Benday.DataAccess\Benday.DataAccess.csproj", "{7B476142-AA0F-4B66-A5DE-4B6539AA7DE0}"
EndProject
Project("{9A19103F-16F7-4668-BE54-9A1E7A4F7556}") = "Benday.Presidents.Api", "Benday.Presidents.Api\Benday.Presidents.Api.csproj", "{E12DA265-09CE-4B89-9BD3-749F0D07C75E}"
EndProject
Project("{9A19103F-16F7-4668-BE54-9A1E7A4F7556}") = "Benday.Presidents.MvcIntegrationTests", "Benday.Presidents.MvcIntegrationTests\Benday.Presidents.MvcIntegrationTests.csproj", "{C1028D76-EEF7-425B-8717-83958D86BDFC}"
EndProject
Project("{9A19103F-16F7-4668-BE54-9A1E7A4F7556}") = "Benday.Presidents.Tests.Common", "Benday.Presidents.Tests.Common\Benday.Presidents.Tests.Common.csproj", "{E0A51F26-B8B8-435C-B7D0-4265C867DBDC}"
EndProject
Project("{2150E333-8FDC-42A3-9474-1A3956D46DE8}") = "Solution Items", "Solution Items", "{943B85F2-047C-449D-88BF-22533CAC83F1}"
	ProjectSection(SolutionItems) = preProject
		Benday.Presidents.UnitTests\Benday.Presidents.UnitTests.csproj = Benday.Presidents.UnitTests\Benday.Presidents.UnitTests.csproj
	EndProjectSection
EndProject
Project("{9A19103F-16F7-4668-BE54-9A1E7A4F7556}") = "Benday.Presidents.UnitTests", "Benday.Presidents.UnitTests\Benday.Presidents.UnitTests.csproj", "{2E67254F-901D-4F1A-BB5B-2A7A553BC4C6}"
EndProject
Project("{9A19103F-16F7-4668-BE54-9A1E7A4F7556}") = "Benday.Presidents.WebUi", "Benday.Presidents.WebUi\Benday.Presidents.WebUi.csproj", "{B47CB8F3-9FBF-4ECF-B9E4-9A095F0351A0}"
EndProject
Global
	GlobalSection(SolutionConfigurationPlatforms) = preSolution
		Debug|Any CPU = Debug|Any CPU
		Release|Any CPU = Release|Any CPU
	EndGlobalSection
	GlobalSection(ProjectConfigurationPlatforms) = postSolution
		{7B476142-AA0F-4B66-A5DE-4B6539AA7DE0}.Debug|Any CPU.ActiveCfg = Debug|Any CPU
		{7B476142-AA0F-4B66-A5DE-4B6539AA7DE0}.Debug|Any CPU.Build.0 = Debug|Any CPU
		{7B476142-AA0F-4B66-A5DE-4B6539AA7DE0}.Release|Any CPU.ActiveCfg = Release|Any CPU
		{7B476142-AA0F-4B66-A5DE-4B6539AA7DE0}.Release|Any CPU.Build.0 = Release|Any CPU
		{E12DA265-09CE-4B89-9BD3-749F0D07C75E}.Debug|Any CPU.ActiveCfg = Debug|Any CPU
		{E12DA265-09CE-4B89-9BD3-749F0D07C75E}.Debug|Any CPU.Build.0 = Debug|Any CPU
		{E12DA265-09CE-4B89-9BD3-749F0D07C75E}.Release|Any CPU.ActiveCfg = Release|Any CPU
		{E12DA265-09CE-4B89-9BD3-749F0D07C75E}.Release|Any CPU.Build.0 = Release|Any CPU
		{C1028D76-EEF7-425B-8717-83958D86BDFC}.Debug|Any CPU.ActiveCfg = Debug|Any CPU
		{C1028D76-EEF7-425B-8717-83958D86BDFC}.Debug|Any CPU.Build.0 = Debug|Any CPU
		{C1028D76-EEF7-425B-8717-83958D86BDFC}.Release|Any CPU.ActiveCfg = Release|Any CPU
		{C1028D76-EEF7-425B-8717-83958D86BDFC}.Release|Any CPU.Build.0 = Release|Any CPU
		{E0A51F26-B8B8-435C-B7D0-4265C867DBDC}.Debug|Any CPU.ActiveCfg = Debug|Any CPU
		{E0A51F26-B8B8-435C-B7D0-4265C867DBDC}.Debug|Any CPU.Build.0 = Debug|Any CPU
		{E0A51F26-B8B8-435C-B7D0-4265C867DBDC}.Release|Any CPU.ActiveCfg = Release|Any CPU
		{E0A51F26-B8B8-435C-B7D0-4265C867DBDC}.Release|Any CPU.Build.0 = Release|Any CPU
		{2E67254F-901D-4F1A-BB5B-2A7A553BC4C6}.Debug|Any CPU.ActiveCfg = Debug|Any CPU
		{2E67254F-901D-4F1A-BB5B-2A7A553BC4C6}.Debug|Any CPU.Build.0 = Debug|Any CPU
		{2E67254F-901D-4F1A-BB5B-2A7A553BC4C6}.Release|Any CPU.ActiveCfg = Release|Any CPU
		{2E67254F-901D-4F1A-BB5B-2A7A553BC4C6}.Release|Any CPU.Build.0 = Release|Any CPU
		{B47CB8F3-9FBF-4ECF-B9E4-9A095F0351A0}.Debug|Any CPU.ActiveCfg = Debug|Any CPU
		{B47CB8F3-9FBF-4ECF-B9E4-9A095F0351A0}.Debug|Any CPU.Build.0 = Debug|Any CPU
		{B47CB8F3-9FBF-4ECF-B9E4-9A095F0351A0}.Release|Any CPU.ActiveCfg = Release|Any CPU
		{B47CB8F3-9FBF-4ECF-B9E4-9A095F0351A0}.Release|Any CPU.Build.0 = Release|Any CPU
	EndGlobalSection
	GlobalSection(SolutionProperties) = preSolution
		HideSolutionNode = FALSE
	EndGlobalSection
	GlobalSection(ExtensibilityGlobals) = postSolution
		SolutionGuid = {24A65F77-A36B-4799-B266-505289914686}
	EndGlobalSection
EndGlobal
